
Microsoft Visual Studio Solution File, Format Version 12.00
# Visual Studio 14
VisualStudioVersion = 14.0.25420.1
MinimumVisualStudioVersion = 10.0.40219.1
Project("{FAE04EC0-301F-11D3-BF4B-00C04F79EFBC}") = "ConsoleApp", "Task4\ConsoleApp.csproj", "{24B50D68-7F60-4609-91FE-7EF1FEBE2613}"
EndProject
Project("{FAE04EC0-301F-11D3-BF4B-00C04F79EFBC}") = "DAL", "BL\DAL.csproj", "{01582C10-4A21-46F7-9DA1-2E47AE9AEAB2}"
EndProject
Project("{FAE04EC0-301F-11D3-BF4B-00C04F79EFBC}") = "BL", "DAL\BL.csproj", "{C1602D99-C3A5-47E9-A383-9BA1528EF8A1}"
EndProject
Project("{2150E333-8FDC-42A3-9474-1A3956D46DE8}") = "Apps", "Apps", "{5061B3AD-B8BC-4B55-B4FC-C67F39C90832}"
EndProject
Project("{2150E333-8FDC-42A3-9474-1A3956D46DE8}") = "Layers", "Layers", "{74064F38-CEEF-4E2A-A661-30DBCB247E45}"
EndProject
Project("{FAE04EC0-301F-11D3-BF4B-00C04F79EFBC}") = "DataModel", "DataModel\DataModel.csproj", "{A17D7A24-3094-4FB8-BA18-D71FCB132F8D}"
EndProject
Global
	GlobalSection(SolutionConfigurationPlatforms) = preSolution
		Debug|Any CPU = Debug|Any CPU
		Release|Any CPU = Release|Any CPU
	EndGlobalSection
	GlobalSection(ProjectConfigurationPlatforms) = postSolution
		{24B50D68-7F60-4609-91FE-7EF1FEBE2613}.Debug|Any CPU.ActiveCfg = Debug|Any CPU
		{24B50D68-7F60-4609-91FE-7EF1FEBE2613}.Debug|Any CPU.Build.0 = Debug|Any CPU
		{24B50D68-7F60-4609-91FE-7EF1FEBE2613}.Release|Any CPU.ActiveCfg = Release|Any CPU
		{24B50D68-7F60-4609-91FE-7EF1FEBE2613}.Release|Any CPU.Build.0 = Release|Any CPU
		{01582C10-4A21-46F7-9DA1-2E47AE9AEAB2}.Debug|Any CPU.ActiveCfg = Debug|Any CPU
		{01582C10-4A21-46F7-9DA1-2E47AE9AEAB2}.Debug|Any CPU.Build.0 = Debug|Any CPU
		{01582C10-4A21-46F7-9DA1-2E47AE9AEAB2}.Release|Any CPU.ActiveCfg = Release|Any CPU
		{01582C10-4A21-46F7-9DA1-2E47AE9AEAB2}.Release|Any CPU.Build.0 = Release|Any CPU
		{C1602D99-C3A5-47E9-A383-9BA1528EF8A1}.Debug|Any CPU.ActiveCfg = Debug|Any CPU
		{C1602D99-C3A5-47E9-A383-9BA1528EF8A1}.Debug|Any CPU.Build.0 = Debug|Any CPU
		{C1602D99-C3A5-47E9-A383-9BA1528EF8A1}.Release|Any CPU.ActiveCfg = Release|Any CPU
		{C1602D99-C3A5-47E9-A383-9BA1528EF8A1}.Release|Any CPU.Build.0 = Release|Any CPU
		{A17D7A24-3094-4FB8-BA18-D71FCB132F8D}.Debug|Any CPU.ActiveCfg = Debug|Any CPU
		{A17D7A24-3094-4FB8-BA18-D71FCB132F8D}.Debug|Any CPU.Build.0 = Debug|Any CPU
		{A17D7A24-3094-4FB8-BA18-D71FCB132F8D}.Release|Any CPU.ActiveCfg = Release|Any CPU
		{A17D7A24-3094-4FB8-BA18-D71FCB132F8D}.Release|Any CPU.Build.0 = Release|Any CPU
	EndGlobalSection
	GlobalSection(SolutionProperties) = preSolution
		HideSolutionNode = FALSE
	EndGlobalSection
	GlobalSection(NestedProjects) = preSolution
		{24B50D68-7F60-4609-91FE-7EF1FEBE2613} = {5061B3AD-B8BC-4B55-B4FC-C67F39C90832}
		{01582C10-4A21-46F7-9DA1-2E47AE9AEAB2} = {74064F38-CEEF-4E2A-A661-30DBCB247E45}
		{C1602D99-C3A5-47E9-A383-9BA1528EF8A1} = {74064F38-CEEF-4E2A-A661-30DBCB247E45}
	EndGlobalSection
EndGlobal
